
Microsoft Visual Studio Solution File, Format Version 12.00
# Visual Studio Version 16
VisualStudioVersion = 16.0.30011.22
MinimumVisualStudioVersion = 10.0.40219.1
Project("{2150E333-8FDC-42A3-9474-1A3956D46DE8}") = "src", "src", "{ADD1708B-F926-4B7B-BFAD-194BB8BABBD1}"
EndProject
Project("{9A19103F-16F7-4668-BE54-9A1E7A4F7556}") = "F0.Analyzers", "production\F0.Analyzers\F0.Analyzers.csproj", "{F95D93CE-01A2-4452-8F90-C785B69FC153}"
EndProject
Project("{2150E333-8FDC-42A3-9474-1A3956D46DE8}") = "tests", "tests", "{4E3F8AA1-CF5E-4359-B6B4-2DF1A0DD20EE}"
EndProject
Project("{9A19103F-16F7-4668-BE54-9A1E7A4F7556}") = "F0.Analyzers.Tests", "test\F0.Analyzers.Tests\F0.Analyzers.Tests.csproj", "{1DB75060-2BC3-4338-ADE9-3BF128C13FF1}"
EndProject
Project("{9A19103F-16F7-4668-BE54-9A1E7A4F7556}") = "F0.CodeAnalysis.Testing", "test\F0.CodeAnalysis.Testing\F0.CodeAnalysis.Testing.csproj", "{C92119F1-AD2C-4B8D-866B-1A806C599B75}"
EndProject
Project("{2150E333-8FDC-42A3-9474-1A3956D46DE8}") = "example", "example", "{EF42DC6B-A41F-4459-83E0-296E02BD86B9}"
EndProject
Project("{9A19103F-16F7-4668-BE54-9A1E7A4F7556}") = "F0.Analyzers.Example", "example\F0.Analyzers.Example\F0.Analyzers.Example.csproj", "{357FFD37-E330-44AC-9C19-C0C0A4C146A1}"
EndProject
Project("{2150E333-8FDC-42A3-9474-1A3956D46DE8}") = "extensions", "extensions", "{DC20486F-DED4-47BE-93EA-8E20538E55F2}"
EndProject
Project("{9A19103F-16F7-4668-BE54-9A1E7A4F7556}") = "F0.Analyzers.Vsix", "extension\F0.Analyzers.Vsix\F0.Analyzers.Vsix.csproj", "{2D02BC44-C8DB-4899-A742-5ABAD4F13CC0}"
EndProject
Project("{9A19103F-16F7-4668-BE54-9A1E7A4F7556}") = "F0.Analyzers.Example.Dependencies", "example\F0.Analyzers.Example.Dependencies\F0.Analyzers.Example.Dependencies.csproj", "{8548850E-C5D3-477C-AD31-534001FFA49D}"
EndProject
Project("{9A19103F-16F7-4668-BE54-9A1E7A4F7556}") = "F0.Analyzers.Example.CSharp7", "example\F0.Analyzers.Example.CSharp7\F0.Analyzers.Example.CSharp7.csproj", "{B0FA1CC2-DB4B-40E2-8493-A244E102E872}"
EndProject
Project("{9A19103F-16F7-4668-BE54-9A1E7A4F7556}") = "F0.Analyzers.Example.CSharp2", "example\F0.Analyzers.Example.CSharp2\F0.Analyzers.Example.CSharp2.csproj", "{3418472E-3698-4C1D-A428-4E9FF222FB24}"
EndProject
Project("{2150E333-8FDC-42A3-9474-1A3956D46DE8}") = "perf", "perf", "{41BF3BD3-780E-40E4-A97F-90A9ABAFBB13}"
EndProject
Project("{9A19103F-16F7-4668-BE54-9A1E7A4F7556}") = "F0.Analyzers.Benchmarks", "performance\F0.Analyzers.Benchmarks\F0.Analyzers.Benchmarks.csproj", "{5E6AA2D8-2E57-462F-884A-C6269DD665BF}"
EndProject
Project("{9A19103F-16F7-4668-BE54-9A1E7A4F7556}") = "F0.CodeAnalysis.Benchmarking", "performance\F0.CodeAnalysis.Benchmarking\F0.CodeAnalysis.Benchmarking.csproj", "{283ECA25-A126-47BB-B25B-722D87863DE1}"
EndProject
Project("{2150E333-8FDC-42A3-9474-1A3956D46DE8}") = "pkg", "pkg", "{085A4A4F-05CF-4844-B41D-6C85391E6869}"
EndProject
Project("{9A19103F-16F7-4668-BE54-9A1E7A4F7556}") = "F0.Analyzers.Package", "package\F0.Analyzers.Package\F0.Analyzers.Package.csproj", "{8843371B-AB4A-4262-B027-0ADE86F74E71}"
EndProject
Project("{9A19103F-16F7-4668-BE54-9A1E7A4F7556}") = "F0.Analyzers.Example.CSharp8", "example\F0.Analyzers.Example.CSharp8\F0.Analyzers.Example.CSharp8.csproj", "{0C22B8EE-947D-4962-BBB3-DC1381E96436}"
EndProject
Global
	GlobalSection(SolutionConfigurationPlatforms) = preSolution
		Debug|Any CPU = Debug|Any CPU
		Release|Any CPU = Release|Any CPU
	EndGlobalSection
	GlobalSection(ProjectConfigurationPlatforms) = postSolution
		{F95D93CE-01A2-4452-8F90-C785B69FC153}.Debug|Any CPU.ActiveCfg = Debug|Any CPU
		{F95D93CE-01A2-4452-8F90-C785B69FC153}.Debug|Any CPU.Build.0 = Debug|Any CPU
		{F95D93CE-01A2-4452-8F90-C785B69FC153}.Release|Any CPU.ActiveCfg = Release|Any CPU
		{F95D93CE-01A2-4452-8F90-C785B69FC153}.Release|Any CPU.Build.0 = Release|Any CPU
		{1DB75060-2BC3-4338-ADE9-3BF128C13FF1}.Debug|Any CPU.ActiveCfg = Debug|Any CPU
		{1DB75060-2BC3-4338-ADE9-3BF128C13FF1}.Debug|Any CPU.Build.0 = Debug|Any CPU
		{1DB75060-2BC3-4338-ADE9-3BF128C13FF1}.Release|Any CPU.ActiveCfg = Release|Any CPU
		{1DB75060-2BC3-4338-ADE9-3BF128C13FF1}.Release|Any CPU.Build.0 = Release|Any CPU
		{C92119F1-AD2C-4B8D-866B-1A806C599B75}.Debug|Any CPU.ActiveCfg = Debug|Any CPU
		{C92119F1-AD2C-4B8D-866B-1A806C599B75}.Debug|Any CPU.Build.0 = Debug|Any CPU
		{C92119F1-AD2C-4B8D-866B-1A806C599B75}.Release|Any CPU.ActiveCfg = Release|Any CPU
		{C92119F1-AD2C-4B8D-866B-1A806C599B75}.Release|Any CPU.Build.0 = Release|Any CPU
		{357FFD37-E330-44AC-9C19-C0C0A4C146A1}.Debug|Any CPU.ActiveCfg = Debug|Any CPU
		{357FFD37-E330-44AC-9C19-C0C0A4C146A1}.Debug|Any CPU.Build.0 = Debug|Any CPU
		{357FFD37-E330-44AC-9C19-C0C0A4C146A1}.Release|Any CPU.ActiveCfg = Release|Any CPU
		{357FFD37-E330-44AC-9C19-C0C0A4C146A1}.Release|Any CPU.Build.0 = Release|Any CPU
		{2D02BC44-C8DB-4899-A742-5ABAD4F13CC0}.Debug|Any CPU.ActiveCfg = Debug|Any CPU
		{2D02BC44-C8DB-4899-A742-5ABAD4F13CC0}.Debug|Any CPU.Build.0 = Debug|Any CPU
		{2D02BC44-C8DB-4899-A742-5ABAD4F13CC0}.Release|Any CPU.ActiveCfg = Release|Any CPU
		{2D02BC44-C8DB-4899-A742-5ABAD4F13CC0}.Release|Any CPU.Build.0 = Release|Any CPU
		{8548850E-C5D3-477C-AD31-534001FFA49D}.Debug|Any CPU.ActiveCfg = Debug|Any CPU
		{8548850E-C5D3-477C-AD31-534001FFA49D}.Debug|Any CPU.Build.0 = Debug|Any CPU
		{8548850E-C5D3-477C-AD31-534001FFA49D}.Release|Any CPU.ActiveCfg = Release|Any CPU
		{8548850E-C5D3-477C-AD31-534001FFA49D}.Release|Any CPU.Build.0 = Release|Any CPU
		{B0FA1CC2-DB4B-40E2-8493-A244E102E872}.Debug|Any CPU.ActiveCfg = Debug|Any CPU
		{B0FA1CC2-DB4B-40E2-8493-A244E102E872}.Debug|Any CPU.Build.0 = Debug|Any CPU
		{B0FA1CC2-DB4B-40E2-8493-A244E102E872}.Release|Any CPU.ActiveCfg = Release|Any CPU
		{B0FA1CC2-DB4B-40E2-8493-A244E102E872}.Release|Any CPU.Build.0 = Release|Any CPU
		{3418472E-3698-4C1D-A428-4E9FF222FB24}.Debug|Any CPU.ActiveCfg = Debug|Any CPU
		{3418472E-3698-4C1D-A428-4E9FF222FB24}.Debug|Any CPU.Build.0 = Debug|Any CPU
		{3418472E-3698-4C1D-A428-4E9FF222FB24}.Release|Any CPU.ActiveCfg = Release|Any CPU
		{3418472E-3698-4C1D-A428-4E9FF222FB24}.Release|Any CPU.Build.0 = Release|Any CPU
		{5E6AA2D8-2E57-462F-884A-C6269DD665BF}.Debug|Any CPU.ActiveCfg = Debug|Any CPU
		{5E6AA2D8-2E57-462F-884A-C6269DD665BF}.Debug|Any CPU.Build.0 = Debug|Any CPU
		{5E6AA2D8-2E57-462F-884A-C6269DD665BF}.Release|Any CPU.ActiveCfg = Release|Any CPU
		{5E6AA2D8-2E57-462F-884A-C6269DD665BF}.Release|Any CPU.Build.0 = Release|Any CPU
		{283ECA25-A126-47BB-B25B-722D87863DE1}.Debug|Any CPU.ActiveCfg = Debug|Any CPU
		{283ECA25-A126-47BB-B25B-722D87863DE1}.Debug|Any CPU.Build.0 = Debug|Any CPU
		{283ECA25-A126-47BB-B25B-722D87863DE1}.Release|Any CPU.ActiveCfg = Release|Any CPU
		{283ECA25-A126-47BB-B25B-722D87863DE1}.Release|Any CPU.Build.0 = Release|Any CPU
		{8843371B-AB4A-4262-B027-0ADE86F74E71}.Debug|Any CPU.ActiveCfg = Debug|Any CPU
		{8843371B-AB4A-4262-B027-0ADE86F74E71}.Debug|Any CPU.Build.0 = Debug|Any CPU
		{8843371B-AB4A-4262-B027-0ADE86F74E71}.Release|Any CPU.ActiveCfg = Release|Any CPU
		{8843371B-AB4A-4262-B027-0ADE86F74E71}.Release|Any CPU.Build.0 = Release|Any CPU
		{0C22B8EE-947D-4962-BBB3-DC1381E96436}.Debug|Any CPU.ActiveCfg = Debug|Any CPU
		{0C22B8EE-947D-4962-BBB3-DC1381E96436}.Debug|Any CPU.Build.0 = Debug|Any CPU
		{0C22B8EE-947D-4962-BBB3-DC1381E96436}.Release|Any CPU.ActiveCfg = Release|Any CPU
		{0C22B8EE-947D-4962-BBB3-DC1381E96436}.Release|Any CPU.Build.0 = Release|Any CPU
	EndGlobalSection
	GlobalSection(SolutionProperties) = preSolution
		HideSolutionNode = FALSE
	EndGlobalSection
	GlobalSection(NestedProjects) = preSolution
		{F95D93CE-01A2-4452-8F90-C785B69FC153} = {ADD1708B-F926-4B7B-BFAD-194BB8BABBD1}
		{1DB75060-2BC3-4338-ADE9-3BF128C13FF1} = {4E3F8AA1-CF5E-4359-B6B4-2DF1A0DD20EE}
		{C92119F1-AD2C-4B8D-866B-1A806C599B75} = {4E3F8AA1-CF5E-4359-B6B4-2DF1A0DD20EE}
		{357FFD37-E330-44AC-9C19-C0C0A4C146A1} = {EF42DC6B-A41F-4459-83E0-296E02BD86B9}
		{2D02BC44-C8DB-4899-A742-5ABAD4F13CC0} = {DC20486F-DED4-47BE-93EA-8E20538E55F2}
		{8548850E-C5D3-477C-AD31-534001FFA49D} = {EF42DC6B-A41F-4459-83E0-296E02BD86B9}
		{B0FA1CC2-DB4B-40E2-8493-A244E102E872} = {EF42DC6B-A41F-4459-83E0-296E02BD86B9}
		{3418472E-3698-4C1D-A428-4E9FF222FB24} = {EF42DC6B-A41F-4459-83E0-296E02BD86B9}
		{5E6AA2D8-2E57-462F-884A-C6269DD665BF} = {41BF3BD3-780E-40E4-A97F-90A9ABAFBB13}
		{283ECA25-A126-47BB-B25B-722D87863DE1} = {41BF3BD3-780E-40E4-A97F-90A9ABAFBB13}
		{8843371B-AB4A-4262-B027-0ADE86F74E71} = {085A4A4F-05CF-4844-B41D-6C85391E6869}
		{0C22B8EE-947D-4962-BBB3-DC1381E96436} = {EF42DC6B-A41F-4459-83E0-296E02BD86B9}
	EndGlobalSection
	GlobalSection(ExtensibilityGlobals) = postSolution
		SolutionGuid = {4C250660-2192-45B9-A87B-5E23C0AAA835}
	EndGlobalSection
EndGlobal
