
Microsoft Visual Studio Solution File, Format Version 12.00
# Visual Studio Version 16
VisualStudioVersion = 16.0.30011.22
MinimumVisualStudioVersion = 10.0.40219.1
Project("{2150E333-8FDC-42A3-9474-1A3956D46DE8}") = "src", "src", "{ADD1708B-F926-4B7B-BFAD-194BB8BABBD1}"
EndProject
Project("{9A19103F-16F7-4668-BE54-9A1E7A4F7556}") = "F0.Analyzers", "production\F0.Analyzers\F0.Analyzers.csproj", "{F95D93CE-01A2-4452-8F90-C785B69FC153}"
EndProject
Project("{2150E333-8FDC-42A3-9474-1A3956D46DE8}") = "tests", "tests", "{4E3F8AA1-CF5E-4359-B6B4-2DF1A0DD20EE}"
EndProject
Project("{9A19103F-16F7-4668-BE54-9A1E7A4F7556}") = "F0.Analyzers.Tests", "test\F0.Analyzers.Tests\F0.Analyzers.Tests.csproj", "{1DB75060-2BC3-4338-ADE9-3BF128C13FF1}"
EndProject
Project("{FAE04EC0-301F-11D3-BF4B-00C04F79EFBC}") = "F0.CodeAnalysis.Testing", "test\F0.CodeAnalysis.Testing\F0.CodeAnalysis.Testing.csproj", "{C92119F1-AD2C-4B8D-866B-1A806C599B75}"
EndProject
Project("{2150E333-8FDC-42A3-9474-1A3956D46DE8}") = "example", "example", "{EF42DC6B-A41F-4459-83E0-296E02BD86B9}"
EndProject
Project("{FAE04EC0-301F-11D3-BF4B-00C04F79EFBC}") = "F0.Analyzers.Example", "example\F0.Analyzers.Example\F0.Analyzers.Example.csproj", "{357FFD37-E330-44AC-9C19-C0C0A4C146A1}"
EndProject
Project("{2150E333-8FDC-42A3-9474-1A3956D46DE8}") = "extensions", "extensions", "{DC20486F-DED4-47BE-93EA-8E20538E55F2}"
EndProject
Project("{FAE04EC0-301F-11D3-BF4B-00C04F79EFBC}") = "F0.Analyzers.Vsix", "extension\F0.Analyzers.Vsix\F0.Analyzers.Vsix.csproj", "{2D02BC44-C8DB-4899-A742-5ABAD4F13CC0}"
EndProject
Global
	GlobalSection(SolutionConfigurationPlatforms) = preSolution
		Debug|Any CPU = Debug|Any CPU
		Release|Any CPU = Release|Any CPU
	EndGlobalSection
	GlobalSection(ProjectConfigurationPlatforms) = postSolution
		{F95D93CE-01A2-4452-8F90-C785B69FC153}.Debug|Any CPU.ActiveCfg = Debug|Any CPU
		{F95D93CE-01A2-4452-8F90-C785B69FC153}.Debug|Any CPU.Build.0 = Debug|Any CPU
		{F95D93CE-01A2-4452-8F90-C785B69FC153}.Release|Any CPU.ActiveCfg = Release|Any CPU
		{F95D93CE-01A2-4452-8F90-C785B69FC153}.Release|Any CPU.Build.0 = Release|Any CPU
		{1DB75060-2BC3-4338-ADE9-3BF128C13FF1}.Debug|Any CPU.ActiveCfg = Debug|Any CPU
		{1DB75060-2BC3-4338-ADE9-3BF128C13FF1}.Debug|Any CPU.Build.0 = Debug|Any CPU
		{1DB75060-2BC3-4338-ADE9-3BF128C13FF1}.Release|Any CPU.ActiveCfg = Release|Any CPU
		{1DB75060-2BC3-4338-ADE9-3BF128C13FF1}.Release|Any CPU.Build.0 = Release|Any CPU
		{C92119F1-AD2C-4B8D-866B-1A806C599B75}.Debug|Any CPU.ActiveCfg = Debug|Any CPU
		{C92119F1-AD2C-4B8D-866B-1A806C599B75}.Debug|Any CPU.Build.0 = Debug|Any CPU
		{C92119F1-AD2C-4B8D-866B-1A806C599B75}.Release|Any CPU.ActiveCfg = Release|Any CPU
		{C92119F1-AD2C-4B8D-866B-1A806C599B75}.Release|Any CPU.Build.0 = Release|Any CPU
		{357FFD37-E330-44AC-9C19-C0C0A4C146A1}.Debug|Any CPU.ActiveCfg = Debug|Any CPU
		{357FFD37-E330-44AC-9C19-C0C0A4C146A1}.Debug|Any CPU.Build.0 = Debug|Any CPU
		{357FFD37-E330-44AC-9C19-C0C0A4C146A1}.Release|Any CPU.ActiveCfg = Release|Any CPU
		{357FFD37-E330-44AC-9C19-C0C0A4C146A1}.Release|Any CPU.Build.0 = Release|Any CPU
		{2D02BC44-C8DB-4899-A742-5ABAD4F13CC0}.Debug|Any CPU.ActiveCfg = Debug|Any CPU
		{2D02BC44-C8DB-4899-A742-5ABAD4F13CC0}.Debug|Any CPU.Build.0 = Debug|Any CPU
		{2D02BC44-C8DB-4899-A742-5ABAD4F13CC0}.Release|Any CPU.ActiveCfg = Release|Any CPU
		{2D02BC44-C8DB-4899-A742-5ABAD4F13CC0}.Release|Any CPU.Build.0 = Release|Any CPU
	EndGlobalSection
	GlobalSection(SolutionProperties) = preSolution
		HideSolutionNode = FALSE
	EndGlobalSection
	GlobalSection(NestedProjects) = preSolution
		{F95D93CE-01A2-4452-8F90-C785B69FC153} = {ADD1708B-F926-4B7B-BFAD-194BB8BABBD1}
		{1DB75060-2BC3-4338-ADE9-3BF128C13FF1} = {4E3F8AA1-CF5E-4359-B6B4-2DF1A0DD20EE}
		{C92119F1-AD2C-4B8D-866B-1A806C599B75} = {4E3F8AA1-CF5E-4359-B6B4-2DF1A0DD20EE}
		{357FFD37-E330-44AC-9C19-C0C0A4C146A1} = {EF42DC6B-A41F-4459-83E0-296E02BD86B9}
		{2D02BC44-C8DB-4899-A742-5ABAD4F13CC0} = {DC20486F-DED4-47BE-93EA-8E20538E55F2}
	EndGlobalSection
	GlobalSection(ExtensibilityGlobals) = postSolution
		SolutionGuid = {4C250660-2192-45B9-A87B-5E23C0AAA835}
	EndGlobalSection
EndGlobal
